
Microsoft Visual Studio Solution File, Format Version 12.00
# Visual Studio Version 17
VisualStudioVersion = 17.12.35527.113
MinimumVisualStudioVersion = 10.0.40219.1
Project("{FAE04EC0-301F-11D3-BF4B-00C04F79EFBC}") = "E2EELibrary", "E2EELibrary\E2EELibrary.csproj", "{1ECBB23B-4685-4993-BF01-F6D9E37FE54B}"
EndProject
Project("{FAE04EC0-301F-11D3-BF4B-00C04F79EFBC}") = "Tests", "Tests\Tests.csproj", "{86746BC1-8D65-4393-B407-E4C64910CA3A}"
EndProject
Global
	GlobalSection(SolutionConfigurationPlatforms) = preSolution
		Debug|Any CPU = Debug|Any CPU
		Release|Any CPU = Release|Any CPU
	EndGlobalSection
	GlobalSection(ProjectConfigurationPlatforms) = postSolution
		{1ECBB23B-4685-4993-BF01-F6D9E37FE54B}.Debug|Any CPU.ActiveCfg = Debug|Any CPU
		{1ECBB23B-4685-4993-BF01-F6D9E37FE54B}.Debug|Any CPU.Build.0 = Debug|Any CPU
		{1ECBB23B-4685-4993-BF01-F6D9E37FE54B}.Release|Any CPU.ActiveCfg = Release|Any CPU
		{1ECBB23B-4685-4993-BF01-F6D9E37FE54B}.Release|Any CPU.Build.0 = Release|Any CPU
		{86746BC1-8D65-4393-B407-E4C64910CA3A}.Debug|Any CPU.ActiveCfg = Debug|Any CPU
		{86746BC1-8D65-4393-B407-E4C64910CA3A}.Debug|Any CPU.Build.0 = Debug|Any CPU
		{86746BC1-8D65-4393-B407-E4C64910CA3A}.Release|Any CPU.ActiveCfg = Release|Any CPU
		{86746BC1-8D65-4393-B407-E4C64910CA3A}.Release|Any CPU.Build.0 = Release|Any CPU
	EndGlobalSection
	GlobalSection(SolutionProperties) = preSolution
		HideSolutionNode = FALSE
	EndGlobalSection
EndGlobal
